
Microsoft Visual Studio Solution File, Format Version 12.00
# Visual Studio Version 16
VisualStudioVersion = 16.0.29806.167
MinimumVisualStudioVersion = 10.0.40219.1
Project("{FAE04EC0-301F-11D3-BF4B-00C04F79EFBC}") = "ConsoleApp-practice", "ConsoleApp-practice\ConsoleApp-practice.csproj", "{3ABC41FE-1E79-49F9-BB0B-9158A2845921}"
EndProject
Global
	GlobalSection(SolutionConfigurationPlatforms) = preSolution
		Debug|Any CPU = Debug|Any CPU
		Release|Any CPU = Release|Any CPU
	EndGlobalSection
	GlobalSection(ProjectConfigurationPlatforms) = postSolution
		{3ABC41FE-1E79-49F9-BB0B-9158A2845921}.Debug|Any CPU.ActiveCfg = Debug|Any CPU
		{3ABC41FE-1E79-49F9-BB0B-9158A2845921}.Debug|Any CPU.Build.0 = Debug|Any CPU
		{3ABC41FE-1E79-49F9-BB0B-9158A2845921}.Release|Any CPU.ActiveCfg = Release|Any CPU
		{3ABC41FE-1E79-49F9-BB0B-9158A2845921}.Release|Any CPU.Build.0 = Release|Any CPU
	EndGlobalSection
	GlobalSection(SolutionProperties) = preSolution
		HideSolutionNode = FALSE
	EndGlobalSection
	GlobalSection(ExtensibilityGlobals) = postSolution
		SolutionGuid = {44E571A4-CD25-495D-9391-8F1EF04EFA79}
	EndGlobalSection
EndGlobal
